// !$*UTF8*$!
{
	archiveVersion = 1;
	classes = {
	};
	objectVersion = 48;
	objects = {

/* Begin PBXBuildFile section */
		68621C10CDA7E883F29BE1CA /* Pods_breakpoint.framework in Frameworks */ = {isa = PBXBuildFile; fileRef = F11698725C3566B25BD154C0 /* Pods_breakpoint.framework */; };
		B6B17A3D1FEFDFB4007EDDA2 /* AppDelegate.swift in Sources */ = {isa = PBXBuildFile; fileRef = B6B17A3C1FEFDFB4007EDDA2 /* AppDelegate.swift */; };
		B6B17A3F1FEFDFB4007EDDA2 /* FeedVC.swift in Sources */ = {isa = PBXBuildFile; fileRef = B6B17A3E1FEFDFB4007EDDA2 /* FeedVC.swift */; };
		B6B17A411FEFDFB4007EDDA2 /* GroupsVC.swift in Sources */ = {isa = PBXBuildFile; fileRef = B6B17A401FEFDFB4007EDDA2 /* GroupsVC.swift */; };
		B6B17A441FEFDFB4007EDDA2 /* Main.storyboard in Resources */ = {isa = PBXBuildFile; fileRef = B6B17A421FEFDFB4007EDDA2 /* Main.storyboard */; };
		B6B17A461FEFDFB4007EDDA2 /* Assets.xcassets in Resources */ = {isa = PBXBuildFile; fileRef = B6B17A451FEFDFB4007EDDA2 /* Assets.xcassets */; };
		B6B17A491FEFDFB4007EDDA2 /* LaunchScreen.storyboard in Resources */ = {isa = PBXBuildFile; fileRef = B6B17A471FEFDFB4007EDDA2 /* LaunchScreen.storyboard */; };
		B6B17A561FEFE29C007EDDA2 /* GoogleService-Info.plist in Resources */ = {isa = PBXBuildFile; fileRef = B6B17A551FEFE29C007EDDA2 /* GoogleService-Info.plist */; };
		B6B17A581FEFE570007EDDA2 /* DataService.swift in Sources */ = {isa = PBXBuildFile; fileRef = B6B17A571FEFE570007EDDA2 /* DataService.swift */; };
		B6B17A5A1FEFFE5F007EDDA2 /* AuthVC.swift in Sources */ = {isa = PBXBuildFile; fileRef = B6B17A591FEFFE5F007EDDA2 /* AuthVC.swift */; };
		B6B17A5C1FEFFF5B007EDDA2 /* LoginVC.swift in Sources */ = {isa = PBXBuildFile; fileRef = B6B17A5B1FEFFF5B007EDDA2 /* LoginVC.swift */; };
		B6B17A5E1FF00036007EDDA2 /* InsetTextField.swift in Sources */ = {isa = PBXBuildFile; fileRef = B6B17A5D1FF00036007EDDA2 /* InsetTextField.swift */; };
		B6B17A601FF003D5007EDDA2 /* ShadowView.swift in Sources */ = {isa = PBXBuildFile; fileRef = B6B17A5F1FF003D5007EDDA2 /* ShadowView.swift */; };
		B6B17A621FF006A7007EDDA2 /* AuthService.swift in Sources */ = {isa = PBXBuildFile; fileRef = B6B17A611FF006A7007EDDA2 /* AuthService.swift */; };
		B6B17A641FF131E9007EDDA2 /* MeVC.swift in Sources */ = {isa = PBXBuildFile; fileRef = B6B17A631FF131E9007EDDA2 /* MeVC.swift */; };
		B6B17A661FF2CF1C007EDDA2 /* CreatePostVC.swift in Sources */ = {isa = PBXBuildFile; fileRef = B6B17A651FF2CF1C007EDDA2 /* CreatePostVC.swift */; };
		B6B17A681FF2D309007EDDA2 /* UIViewExt.swift in Sources */ = {isa = PBXBuildFile; fileRef = B6B17A671FF2D309007EDDA2 /* UIViewExt.swift */; };
		B6B17A6A1FF3CF5A007EDDA2 /* FeedCell.swift in Sources */ = {isa = PBXBuildFile; fileRef = B6B17A691FF3CF5A007EDDA2 /* FeedCell.swift */; };
		B6B17A6C1FF3D184007EDDA2 /* Message.swift in Sources */ = {isa = PBXBuildFile; fileRef = B6B17A6B1FF3D184007EDDA2 /* Message.swift */; };
		B6BF4E3D1FF42864003EBF46 /* CreateGroupsVC.swift in Sources */ = {isa = PBXBuildFile; fileRef = B6BF4E3C1FF42864003EBF46 /* CreateGroupsVC.swift */; };
		B6BF4E3F1FF430AC003EBF46 /* UserCell.swift in Sources */ = {isa = PBXBuildFile; fileRef = B6BF4E3E1FF430AC003EBF46 /* UserCell.swift */; };
		B6BF4E411FF92064003EBF46 /* GroupCell.swift in Sources */ = {isa = PBXBuildFile; fileRef = B6BF4E401FF92064003EBF46 /* GroupCell.swift */; };
		B6BF4E431FF93565003EBF46 /* Group.swift in Sources */ = {isa = PBXBuildFile; fileRef = B6BF4E421FF93565003EBF46 /* Group.swift */; };
/* End PBXBuildFile section */

/* Begin PBXFileReference section */
		86FB8BB8CE8F37F2F7640FD9 /* Pods-breakpoint.release.xcconfig */ = {isa = PBXFileReference; includeInIndex = 1; lastKnownFileType = text.xcconfig; name = "Pods-breakpoint.release.xcconfig"; path = "Pods/Target Support Files/Pods-breakpoint/Pods-breakpoint.release.xcconfig"; sourceTree = "<group>"; };
		B6B17A391FEFDFB4007EDDA2 /* breakpoint.app */ = {isa = PBXFileReference; explicitFileType = wrapper.application; includeInIndex = 0; path = breakpoint.app; sourceTree = BUILT_PRODUCTS_DIR; };
		B6B17A3C1FEFDFB4007EDDA2 /* AppDelegate.swift */ = {isa = PBXFileReference; lastKnownFileType = sourcecode.swift; path = AppDelegate.swift; sourceTree = "<group>"; };
		B6B17A3E1FEFDFB4007EDDA2 /* FeedVC.swift */ = {isa = PBXFileReference; lastKnownFileType = sourcecode.swift; path = FeedVC.swift; sourceTree = "<group>"; };
		B6B17A401FEFDFB4007EDDA2 /* GroupsVC.swift */ = {isa = PBXFileReference; lastKnownFileType = sourcecode.swift; path = GroupsVC.swift; sourceTree = "<group>"; };
		B6B17A431FEFDFB4007EDDA2 /* Base */ = {isa = PBXFileReference; lastKnownFileType = file.storyboard; name = Base; path = Base.lproj/Main.storyboard; sourceTree = "<group>"; };
		B6B17A451FEFDFB4007EDDA2 /* Assets.xcassets */ = {isa = PBXFileReference; lastKnownFileType = folder.assetcatalog; path = Assets.xcassets; sourceTree = "<group>"; };
		B6B17A481FEFDFB4007EDDA2 /* Base */ = {isa = PBXFileReference; lastKnownFileType = file.storyboard; name = Base; path = Base.lproj/LaunchScreen.storyboard; sourceTree = "<group>"; };
		B6B17A4A1FEFDFB4007EDDA2 /* Info.plist */ = {isa = PBXFileReference; lastKnownFileType = text.plist.xml; path = Info.plist; sourceTree = "<group>"; };
		B6B17A551FEFE29C007EDDA2 /* GoogleService-Info.plist */ = {isa = PBXFileReference; fileEncoding = 4; lastKnownFileType = text.plist.xml; path = "GoogleService-Info.plist"; sourceTree = "<group>"; };
		B6B17A571FEFE570007EDDA2 /* DataService.swift */ = {isa = PBXFileReference; lastKnownFileType = sourcecode.swift; path = DataService.swift; sourceTree = "<group>"; };
		B6B17A591FEFFE5F007EDDA2 /* AuthVC.swift */ = {isa = PBXFileReference; lastKnownFileType = sourcecode.swift; path = AuthVC.swift; sourceTree = "<group>"; };
		B6B17A5B1FEFFF5B007EDDA2 /* LoginVC.swift */ = {isa = PBXFileReference; lastKnownFileType = sourcecode.swift; path = LoginVC.swift; sourceTree = "<group>"; };
		B6B17A5D1FF00036007EDDA2 /* InsetTextField.swift */ = {isa = PBXFileReference; lastKnownFileType = sourcecode.swift; path = InsetTextField.swift; sourceTree = "<group>"; };
		B6B17A5F1FF003D5007EDDA2 /* ShadowView.swift */ = {isa = PBXFileReference; lastKnownFileType = sourcecode.swift; path = ShadowView.swift; sourceTree = "<group>"; };
		B6B17A611FF006A7007EDDA2 /* AuthService.swift */ = {isa = PBXFileReference; lastKnownFileType = sourcecode.swift; path = AuthService.swift; sourceTree = "<group>"; };
		B6B17A631FF131E9007EDDA2 /* MeVC.swift */ = {isa = PBXFileReference; lastKnownFileType = sourcecode.swift; path = MeVC.swift; sourceTree = "<group>"; };
		B6B17A651FF2CF1C007EDDA2 /* CreatePostVC.swift */ = {isa = PBXFileReference; lastKnownFileType = sourcecode.swift; path = CreatePostVC.swift; sourceTree = "<group>"; };
		B6B17A671FF2D309007EDDA2 /* UIViewExt.swift */ = {isa = PBXFileReference; lastKnownFileType = sourcecode.swift; path = UIViewExt.swift; sourceTree = "<group>"; };
		B6B17A691FF3CF5A007EDDA2 /* FeedCell.swift */ = {isa = PBXFileReference; lastKnownFileType = sourcecode.swift; path = FeedCell.swift; sourceTree = "<group>"; };
		B6B17A6B1FF3D184007EDDA2 /* Message.swift */ = {isa = PBXFileReference; lastKnownFileType = sourcecode.swift; path = Message.swift; sourceTree = "<group>"; };
		B6BF4E3C1FF42864003EBF46 /* CreateGroupsVC.swift */ = {isa = PBXFileReference; lastKnownFileType = sourcecode.swift; path = CreateGroupsVC.swift; sourceTree = "<group>"; };
		B6BF4E3E1FF430AC003EBF46 /* UserCell.swift */ = {isa = PBXFileReference; lastKnownFileType = sourcecode.swift; path = UserCell.swift; sourceTree = "<group>"; };
		B6BF4E401FF92064003EBF46 /* GroupCell.swift */ = {isa = PBXFileReference; lastKnownFileType = sourcecode.swift; path = GroupCell.swift; sourceTree = "<group>"; };
		B6BF4E421FF93565003EBF46 /* Group.swift */ = {isa = PBXFileReference; lastKnownFileType = sourcecode.swift; path = Group.swift; sourceTree = "<group>"; };
		F11698725C3566B25BD154C0 /* Pods_breakpoint.framework */ = {isa = PBXFileReference; explicitFileType = wrapper.framework; includeInIndex = 0; path = Pods_breakpoint.framework; sourceTree = BUILT_PRODUCTS_DIR; };
		FDDFDB97932B068238893067 /* Pods-breakpoint.debug.xcconfig */ = {isa = PBXFileReference; includeInIndex = 1; lastKnownFileType = text.xcconfig; name = "Pods-breakpoint.debug.xcconfig"; path = "Pods/Target Support Files/Pods-breakpoint/Pods-breakpoint.debug.xcconfig"; sourceTree = "<group>"; };
/* End PBXFileReference section */

/* Begin PBXFrameworksBuildPhase section */
		B6B17A361FEFDFB4007EDDA2 /* Frameworks */ = {
			isa = PBXFrameworksBuildPhase;
			buildActionMask = 2147483647;
			files = (
				68621C10CDA7E883F29BE1CA /* Pods_breakpoint.framework in Frameworks */,
			);
			runOnlyForDeploymentPostprocessing = 0;
		};
/* End PBXFrameworksBuildPhase section */

/* Begin PBXGroup section */
		236749B8A16F3FC73575265F /* Pods */ = {
			isa = PBXGroup;
			children = (
				FDDFDB97932B068238893067 /* Pods-breakpoint.debug.xcconfig */,
				86FB8BB8CE8F37F2F7640FD9 /* Pods-breakpoint.release.xcconfig */,
			);
			name = Pods;
			sourceTree = "<group>";
		};
		9FD95F0F46B7CB250863AB29 /* Frameworks */ = {
			isa = PBXGroup;
			children = (
				F11698725C3566B25BD154C0 /* Pods_breakpoint.framework */,
			);
			name = Frameworks;
			sourceTree = "<group>";
		};
		B6B17A301FEFDFB4007EDDA2 = {
			isa = PBXGroup;
			children = (
				B6B17A3B1FEFDFB4007EDDA2 /* breakpoint */,
				B6B17A3A1FEFDFB4007EDDA2 /* Products */,
				236749B8A16F3FC73575265F /* Pods */,
				9FD95F0F46B7CB250863AB29 /* Frameworks */,
			);
			sourceTree = "<group>";
		};
		B6B17A3A1FEFDFB4007EDDA2 /* Products */ = {
			isa = PBXGroup;
			children = (
				B6B17A391FEFDFB4007EDDA2 /* breakpoint.app */,
			);
			name = Products;
			sourceTree = "<group>";
		};
		B6B17A3B1FEFDFB4007EDDA2 /* breakpoint */ = {
			isa = PBXGroup;
			children = (
				B6B17A541FEFE051007EDDA2 /* Services */,
				B6B17A531FEFE026007EDDA2 /* Extensions */,
				B6B17A521FEFE011007EDDA2 /* Model */,
				B6B17A511FEFE009007EDDA2 /* View */,
				B6B17A501FEFDFF5007EDDA2 /* Controller */,
				B6B17A3C1FEFDFB4007EDDA2 /* AppDelegate.swift */,
				B6B17A421FEFDFB4007EDDA2 /* Main.storyboard */,
				B6B17A451FEFDFB4007EDDA2 /* Assets.xcassets */,
				B6B17A471FEFDFB4007EDDA2 /* LaunchScreen.storyboard */,
				B6B17A4A1FEFDFB4007EDDA2 /* Info.plist */,
				B6B17A551FEFE29C007EDDA2 /* GoogleService-Info.plist */,
			);
			path = breakpoint;
			sourceTree = "<group>";
		};
		B6B17A501FEFDFF5007EDDA2 /* Controller */ = {
			isa = PBXGroup;
			children = (
				B6B17A3E1FEFDFB4007EDDA2 /* FeedVC.swift */,
				B6B17A401FEFDFB4007EDDA2 /* GroupsVC.swift */,
				B6B17A591FEFFE5F007EDDA2 /* AuthVC.swift */,
				B6B17A5B1FEFFF5B007EDDA2 /* LoginVC.swift */,
				B6B17A631FF131E9007EDDA2 /* MeVC.swift */,
				B6B17A651FF2CF1C007EDDA2 /* CreatePostVC.swift */,
				B6BF4E3C1FF42864003EBF46 /* CreateGroupsVC.swift */,
			);
			path = Controller;
			sourceTree = "<group>";
		};
		B6B17A511FEFE009007EDDA2 /* View */ = {
			isa = PBXGroup;
			children = (
				B6B17A5D1FF00036007EDDA2 /* InsetTextField.swift */,
				B6B17A5F1FF003D5007EDDA2 /* ShadowView.swift */,
				B6B17A691FF3CF5A007EDDA2 /* FeedCell.swift */,
				B6BF4E3E1FF430AC003EBF46 /* UserCell.swift */,
				B6BF4E401FF92064003EBF46 /* GroupCell.swift */,
			);
			path = View;
			sourceTree = "<group>";
		};
		B6B17A521FEFE011007EDDA2 /* Model */ = {
			isa = PBXGroup;
			children = (
				B6B17A6B1FF3D184007EDDA2 /* Message.swift */,
				B6BF4E421FF93565003EBF46 /* Group.swift */,
			);
			path = Model;
			sourceTree = "<group>";
		};
		B6B17A531FEFE026007EDDA2 /* Extensions */ = {
			isa = PBXGroup;
			children = (
				B6B17A671FF2D309007EDDA2 /* UIViewExt.swift */,
			);
			path = Extensions;
			sourceTree = "<group>";
		};
		B6B17A541FEFE051007EDDA2 /* Services */ = {
			isa = PBXGroup;
			children = (
				B6B17A571FEFE570007EDDA2 /* DataService.swift */,
				B6B17A611FF006A7007EDDA2 /* AuthService.swift */,
			);
			path = Services;
			sourceTree = "<group>";
		};
/* End PBXGroup section */

/* Begin PBXNativeTarget section */
		B6B17A381FEFDFB4007EDDA2 /* breakpoint */ = {
			isa = PBXNativeTarget;
			buildConfigurationList = B6B17A4D1FEFDFB4007EDDA2 /* Build configuration list for PBXNativeTarget "breakpoint" */;
			buildPhases = (
				829CB9D430D413B3E638958B /* [CP] Check Pods Manifest.lock */,
				B6B17A351FEFDFB4007EDDA2 /* Sources */,
				B6B17A361FEFDFB4007EDDA2 /* Frameworks */,
				B6B17A371FEFDFB4007EDDA2 /* Resources */,
				E6FA0E12F2DF50139609CBFA /* [CP] Embed Pods Frameworks */,
				C10781A8C0235F86C43B7473 /* [CP] Copy Pods Resources */,
			);
			buildRules = (
			);
			dependencies = (
			);
			name = breakpoint;
			productName = breakpoint;
			productReference = B6B17A391FEFDFB4007EDDA2 /* breakpoint.app */;
			productType = "com.apple.product-type.application";
		};
/* End PBXNativeTarget section */

/* Begin PBXProject section */
		B6B17A311FEFDFB4007EDDA2 /* Project object */ = {
			isa = PBXProject;
			attributes = {
				LastSwiftUpdateCheck = 0920;
				LastUpgradeCheck = 0920;
				ORGANIZATIONNAME = "Gut Norbert";
				TargetAttributes = {
					B6B17A381FEFDFB4007EDDA2 = {
						CreatedOnToolsVersion = 9.2;
						ProvisioningStyle = Automatic;
					};
				};
			};
			buildConfigurationList = B6B17A341FEFDFB4007EDDA2 /* Build configuration list for PBXProject "breakpoint" */;
			compatibilityVersion = "Xcode 8.0";
			developmentRegion = en;
			hasScannedForEncodings = 0;
			knownRegions = (
				en,
				Base,
			);
			mainGroup = B6B17A301FEFDFB4007EDDA2;
			productRefGroup = B6B17A3A1FEFDFB4007EDDA2 /* Products */;
			projectDirPath = "";
			projectRoot = "";
			targets = (
				B6B17A381FEFDFB4007EDDA2 /* breakpoint */,
			);
		};
/* End PBXProject section */

/* Begin PBXResourcesBuildPhase section */
		B6B17A371FEFDFB4007EDDA2 /* Resources */ = {
			isa = PBXResourcesBuildPhase;
			buildActionMask = 2147483647;
			files = (
				B6B17A491FEFDFB4007EDDA2 /* LaunchScreen.storyboard in Resources */,
				B6B17A561FEFE29C007EDDA2 /* GoogleService-Info.plist in Resources */,
				B6B17A461FEFDFB4007EDDA2 /* Assets.xcassets in Resources */,
				B6B17A441FEFDFB4007EDDA2 /* Main.storyboard in Resources */,
			);
			runOnlyForDeploymentPostprocessing = 0;
		};
/* End PBXResourcesBuildPhase section */

/* Begin PBXShellScriptBuildPhase section */
		829CB9D430D413B3E638958B /* [CP] Check Pods Manifest.lock */ = {
			isa = PBXShellScriptBuildPhase;
			buildActionMask = 2147483647;
			files = (
			);
			inputPaths = (
			);
			name = "[CP] Check Pods Manifest.lock";
			outputPaths = (
			);
			runOnlyForDeploymentPostprocessing = 0;
			shellPath = /bin/sh;
			shellScript = "diff \"${PODS_ROOT}/../Podfile.lock\" \"${PODS_ROOT}/Manifest.lock\" > /dev/null\nif [ $? != 0 ] ; then\n    # print error to STDERR\n    echo \"error: The sandbox is not in sync with the Podfile.lock. Run 'pod install' or update your CocoaPods installation.\" >&2\n    exit 1\nfi\n";
			showEnvVarsInLog = 0;
		};
		C10781A8C0235F86C43B7473 /* [CP] Copy Pods Resources */ = {
			isa = PBXShellScriptBuildPhase;
			buildActionMask = 2147483647;
			files = (
			);
			inputPaths = (
			);
			name = "[CP] Copy Pods Resources";
			outputPaths = (
			);
			runOnlyForDeploymentPostprocessing = 0;
			shellPath = /bin/sh;
			shellScript = "\"${SRCROOT}/Pods/Target Support Files/Pods-breakpoint/Pods-breakpoint-resources.sh\"\n";
			showEnvVarsInLog = 0;
		};
		E6FA0E12F2DF50139609CBFA /* [CP] Embed Pods Frameworks */ = {
			isa = PBXShellScriptBuildPhase;
			buildActionMask = 2147483647;
			files = (
			);
			inputPaths = (
			);
			name = "[CP] Embed Pods Frameworks";
			outputPaths = (
			);
			runOnlyForDeploymentPostprocessing = 0;
			shellPath = /bin/sh;
			shellScript = "\"${SRCROOT}/Pods/Target Support Files/Pods-breakpoint/Pods-breakpoint-frameworks.sh\"\n";
			showEnvVarsInLog = 0;
		};
/* End PBXShellScriptBuildPhase section */

/* Begin PBXSourcesBuildPhase section */
		B6B17A351FEFDFB4007EDDA2 /* Sources */ = {
			isa = PBXSourcesBuildPhase;
			buildActionMask = 2147483647;
			files = (
				B6B17A681FF2D309007EDDA2 /* UIViewExt.swift in Sources */,
				B6B17A6A1FF3CF5A007EDDA2 /* FeedCell.swift in Sources */,
				B6B17A641FF131E9007EDDA2 /* MeVC.swift in Sources */,
				B6BF4E411FF92064003EBF46 /* GroupCell.swift in Sources */,
				B6B17A5A1FEFFE5F007EDDA2 /* AuthVC.swift in Sources */,
				B6B17A411FEFDFB4007EDDA2 /* GroupsVC.swift in Sources */,
				B6B17A5C1FEFFF5B007EDDA2 /* LoginVC.swift in Sources */,
				B6B17A621FF006A7007EDDA2 /* AuthService.swift in Sources */,
				B6BF4E3D1FF42864003EBF46 /* CreateGroupsVC.swift in Sources */,
				B6BF4E431FF93565003EBF46 /* Group.swift in Sources */,
				B6BF4E3F1FF430AC003EBF46 /* UserCell.swift in Sources */,
				B6B17A3D1FEFDFB4007EDDA2 /* AppDelegate.swift in Sources */,
				B6B17A601FF003D5007EDDA2 /* ShadowView.swift in Sources */,
				B6B17A661FF2CF1C007EDDA2 /* CreatePostVC.swift in Sources */,
				B6B17A3F1FEFDFB4007EDDA2 /* FeedVC.swift in Sources */,
				B6B17A5E1FF00036007EDDA2 /* InsetTextField.swift in Sources */,
				B6B17A581FEFE570007EDDA2 /* DataService.swift in Sources */,
				B6B17A6C1FF3D184007EDDA2 /* Message.swift in Sources */,
			);
			runOnlyForDeploymentPostprocessing = 0;
		};
/* End PBXSourcesBuildPhase section */

/* Begin PBXVariantGroup section */
		B6B17A421FEFDFB4007EDDA2 /* Main.storyboard */ = {
			isa = PBXVariantGroup;
			children = (
				B6B17A431FEFDFB4007EDDA2 /* Base */,
			);
			name = Main.storyboard;
			sourceTree = "<group>";
		};
		B6B17A471FEFDFB4007EDDA2 /* LaunchScreen.storyboard */ = {
			isa = PBXVariantGroup;
			children = (
				B6B17A481FEFDFB4007EDDA2 /* Base */,
			);
			name = LaunchScreen.storyboard;
			sourceTree = "<group>";
		};
/* End PBXVariantGroup section */

/* Begin XCBuildConfiguration section */
		B6B17A4B1FEFDFB4007EDDA2 /* Debug */ = {
			isa = XCBuildConfiguration;
			buildSettings = {
				ALWAYS_SEARCH_USER_PATHS = NO;
				CLANG_ANALYZER_NONNULL = YES;
				CLANG_ANALYZER_NUMBER_OBJECT_CONVERSION = YES_AGGRESSIVE;
				CLANG_CXX_LANGUAGE_STANDARD = "gnu++14";
				CLANG_CXX_LIBRARY = "libc++";
				CLANG_ENABLE_MODULES = YES;
				CLANG_ENABLE_OBJC_ARC = YES;
				CLANG_WARN_BLOCK_CAPTURE_AUTORELEASING = YES;
				CLANG_WARN_BOOL_CONVERSION = YES;
				CLANG_WARN_COMMA = YES;
				CLANG_WARN_CONSTANT_CONVERSION = YES;
				CLANG_WARN_DIRECT_OBJC_ISA_USAGE = YES_ERROR;
				CLANG_WARN_DOCUMENTATION_COMMENTS = YES;
				CLANG_WARN_EMPTY_BODY = YES;
				CLANG_WARN_ENUM_CONVERSION = YES;
				CLANG_WARN_INFINITE_RECURSION = YES;
				CLANG_WARN_INT_CONVERSION = YES;
				CLANG_WARN_NON_LITERAL_NULL_CONVERSION = YES;
				CLANG_WARN_OBJC_LITERAL_CONVERSION = YES;
				CLANG_WARN_OBJC_ROOT_CLASS = YES_ERROR;
				CLANG_WARN_RANGE_LOOP_ANALYSIS = YES;
				CLANG_WARN_STRICT_PROTOTYPES = YES;
				CLANG_WARN_SUSPICIOUS_MOVE = YES;
				CLANG_WARN_UNGUARDED_AVAILABILITY = YES_AGGRESSIVE;
				CLANG_WARN_UNREACHABLE_CODE = YES;
				CLANG_WARN__DUPLICATE_METHOD_MATCH = YES;
				CODE_SIGN_IDENTITY = "iPhone Developer";
				COPY_PHASE_STRIP = NO;
				DEBUG_INFORMATION_FORMAT = dwarf;
				ENABLE_STRICT_OBJC_MSGSEND = YES;
				ENABLE_TESTABILITY = YES;
				GCC_C_LANGUAGE_STANDARD = gnu11;
				GCC_DYNAMIC_NO_PIC = NO;
				GCC_NO_COMMON_BLOCKS = YES;
				GCC_OPTIMIZATION_LEVEL = 0;
				GCC_PREPROCESSOR_DEFINITIONS = (
					"DEBUG=1",
					"$(inherited)",
				);
				GCC_WARN_64_TO_32_BIT_CONVERSION = YES;
				GCC_WARN_ABOUT_RETURN_TYPE = YES_ERROR;
				GCC_WARN_UNDECLARED_SELECTOR = YES;
				GCC_WARN_UNINITIALIZED_AUTOS = YES_AGGRESSIVE;
				GCC_WARN_UNUSED_FUNCTION = YES;
				GCC_WARN_UNUSED_VARIABLE = YES;
				IPHONEOS_DEPLOYMENT_TARGET = 11.2;
				MTL_ENABLE_DEBUG_INFO = YES;
				ONLY_ACTIVE_ARCH = YES;
				SDKROOT = iphoneos;
				SWIFT_ACTIVE_COMPILATION_CONDITIONS = DEBUG;
				SWIFT_OPTIMIZATION_LEVEL = "-Onone";
			};
			name = Debug;
		};
		B6B17A4C1FEFDFB4007EDDA2 /* Release */ = {
			isa = XCBuildConfiguration;
			buildSettings = {
				ALWAYS_SEARCH_USER_PATHS = NO;
				CLANG_ANALYZER_NONNULL = YES;
				CLANG_ANALYZER_NUMBER_OBJECT_CONVERSION = YES_AGGRESSIVE;
				CLANG_CXX_LANGUAGE_STANDARD = "gnu++14";
				CLANG_CXX_LIBRARY = "libc++";
				CLANG_ENABLE_MODULES = YES;
				CLANG_ENABLE_OBJC_ARC = YES;
				CLANG_WARN_BLOCK_CAPTURE_AUTORELEASING = YES;
				CLANG_WARN_BOOL_CONVERSION = YES;
				CLANG_WARN_COMMA = YES;
				CLANG_WARN_CONSTANT_CONVERSION = YES;
				CLANG_WARN_DIRECT_OBJC_ISA_USAGE = YES_ERROR;
				CLANG_WARN_DOCUMENTATION_COMMENTS = YES;
				CLANG_WARN_EMPTY_BODY = YES;
				CLANG_WARN_ENUM_CONVERSION = YES;
				CLANG_WARN_INFINITE_RECURSION = YES;
				CLANG_WARN_INT_CONVERSION = YES;
				CLANG_WARN_NON_LITERAL_NULL_CONVERSION = YES;
				CLANG_WARN_OBJC_LITERAL_CONVERSION = YES;
				CLANG_WARN_OBJC_ROOT_CLASS = YES_ERROR;
				CLANG_WARN_RANGE_LOOP_ANALYSIS = YES;
				CLANG_WARN_STRICT_PROTOTYPES = YES;
				CLANG_WARN_SUSPICIOUS_MOVE = YES;
				CLANG_WARN_UNGUARDED_AVAILABILITY = YES_AGGRESSIVE;
				CLANG_WARN_UNREACHABLE_CODE = YES;
				CLANG_WARN__DUPLICATE_METHOD_MATCH = YES;
				CODE_SIGN_IDENTITY = "iPhone Developer";
				COPY_PHASE_STRIP = NO;
				DEBUG_INFORMATION_FORMAT = "dwarf-with-dsym";
				ENABLE_NS_ASSERTIONS = NO;
				ENABLE_STRICT_OBJC_MSGSEND = YES;
				GCC_C_LANGUAGE_STANDARD = gnu11;
				GCC_NO_COMMON_BLOCKS = YES;
				GCC_WARN_64_TO_32_BIT_CONVERSION = YES;
				GCC_WARN_ABOUT_RETURN_TYPE = YES_ERROR;
				GCC_WARN_UNDECLARED_SELECTOR = YES;
				GCC_WARN_UNINITIALIZED_AUTOS = YES_AGGRESSIVE;
				GCC_WARN_UNUSED_FUNCTION = YES;
				GCC_WARN_UNUSED_VARIABLE = YES;
				IPHONEOS_DEPLOYMENT_TARGET = 11.2;
				MTL_ENABLE_DEBUG_INFO = NO;
				SDKROOT = iphoneos;
				SWIFT_OPTIMIZATION_LEVEL = "-Owholemodule";
				VALIDATE_PRODUCT = YES;
			};
			name = Release;
		};
		B6B17A4E1FEFDFB4007EDDA2 /* Debug */ = {
			isa = XCBuildConfiguration;
			baseConfigurationReference = FDDFDB97932B068238893067 /* Pods-breakpoint.debug.xcconfig */;
			buildSettings = {
				ASSETCATALOG_COMPILER_APPICON_NAME = AppIcon;
				CODE_SIGN_STYLE = Automatic;
				DEVELOPMENT_TEAM = WNWE77BSB2;
				INFOPLIST_FILE = breakpoint/Info.plist;
				IPHONEOS_DEPLOYMENT_TARGET = 11.0;
				LD_RUNPATH_SEARCH_PATHS = "$(inherited) @executable_path/Frameworks";
				PRODUCT_BUNDLE_IDENTIFIER = com.gutNorbert.breakpoint;
				PRODUCT_NAME = "$(TARGET_NAME)";
				SWIFT_VERSION = 4.0;
				TARGETED_DEVICE_FAMILY = 1;
			};
			name = Debug;
		};
		B6B17A4F1FEFDFB4007EDDA2 /* Release */ = {
			isa = XCBuildConfiguration;
			baseConfigurationReference = 86FB8BB8CE8F37F2F7640FD9 /* Pods-breakpoint.release.xcconfig */;
			buildSettings = {
				ASSETCATALOG_COMPILER_APPICON_NAME = AppIcon;
				CODE_SIGN_STYLE = Automatic;
				DEVELOPMENT_TEAM = WNWE77BSB2;
				INFOPLIST_FILE = breakpoint/Info.plist;
				IPHONEOS_DEPLOYMENT_TARGET = 11.0;
				LD_RUNPATH_SEARCH_PATHS = "$(inherited) @executable_path/Frameworks";
				PRODUCT_BUNDLE_IDENTIFIER = com.gutNorbert.breakpoint;
				PRODUCT_NAME = "$(TARGET_NAME)";
				SWIFT_VERSION = 4.0;
				TARGETED_DEVICE_FAMILY = 1;
			};
			name = Release;
		};
/* End XCBuildConfiguration section */

/* Begin XCConfigurationList section */
		B6B17A341FEFDFB4007EDDA2 /* Build configuration list for PBXProject "breakpoint" */ = {
			isa = XCConfigurationList;
			buildConfigurations = (
				B6B17A4B1FEFDFB4007EDDA2 /* Debug */,
				B6B17A4C1FEFDFB4007EDDA2 /* Release */,
			);
			defaultConfigurationIsVisible = 0;
			defaultConfigurationName = Release;
		};
		B6B17A4D1FEFDFB4007EDDA2 /* Build configuration list for PBXNativeTarget "breakpoint" */ = {
			isa = XCConfigurationList;
			buildConfigurations = (
				B6B17A4E1FEFDFB4007EDDA2 /* Debug */,
				B6B17A4F1FEFDFB4007EDDA2 /* Release */,
			);
			defaultConfigurationIsVisible = 0;
			defaultConfigurationName = Release;
		};
/* End XCConfigurationList section */
	};
	rootObject = B6B17A311FEFDFB4007EDDA2 /* Project object */;
}
